
Microsoft Visual Studio Solution File, Format Version 12.00
# Visual Studio Version 16
VisualStudioVersion = 16.0.31613.86
MinimumVisualStudioVersion = 10.0.40219.1
Project("{FAE04EC0-301F-11D3-BF4B-00C04F79EFBC}") = "MiCalculadora", "MiCalculadora\MiCalculadora.csproj", "{8D3DFC73-742E-499A-A4AD-CC61CD5DDFC2}"
EndProject
Project("{9A19103F-16F7-4668-BE54-9A1E7A4F7556}") = "EntidadesMal", "EntidadesM\EntidadesMal.csproj", "{EA2F7186-6DBB-4B9E-B533-E6ABBFAD9877}"
EndProject
Global
	GlobalSection(SolutionConfigurationPlatforms) = preSolution
		Debug|Any CPU = Debug|Any CPU
		Release|Any CPU = Release|Any CPU
	EndGlobalSection
	GlobalSection(ProjectConfigurationPlatforms) = postSolution
		{8D3DFC73-742E-499A-A4AD-CC61CD5DDFC2}.Debug|Any CPU.ActiveCfg = Debug|Any CPU
		{8D3DFC73-742E-499A-A4AD-CC61CD5DDFC2}.Debug|Any CPU.Build.0 = Debug|Any CPU
		{8D3DFC73-742E-499A-A4AD-CC61CD5DDFC2}.Release|Any CPU.ActiveCfg = Release|Any CPU
		{8D3DFC73-742E-499A-A4AD-CC61CD5DDFC2}.Release|Any CPU.Build.0 = Release|Any CPU
		{EA2F7186-6DBB-4B9E-B533-E6ABBFAD9877}.Debug|Any CPU.ActiveCfg = Debug|Any CPU
		{EA2F7186-6DBB-4B9E-B533-E6ABBFAD9877}.Debug|Any CPU.Build.0 = Debug|Any CPU
		{EA2F7186-6DBB-4B9E-B533-E6ABBFAD9877}.Release|Any CPU.ActiveCfg = Release|Any CPU
		{EA2F7186-6DBB-4B9E-B533-E6ABBFAD9877}.Release|Any CPU.Build.0 = Release|Any CPU
	EndGlobalSection
	GlobalSection(SolutionProperties) = preSolution
		HideSolutionNode = FALSE
	EndGlobalSection
	GlobalSection(ExtensibilityGlobals) = postSolution
		SolutionGuid = {35CB57C3-49C7-40D2-AED4-228C83FC0B76}
	EndGlobalSection
EndGlobal
